// !$*UTF8*$!
{
	archiveVersion = 1;
	classes = {
	};
	objectVersion = 46;
	objects = {

/* Begin PBXBuildFile section */
		DCA81D2D1BDB997A00D5B85E /* AppDelegate.swift in Sources */ = {isa = PBXBuildFile; fileRef = DCA81D2C1BDB997A00D5B85E /* AppDelegate.swift */; };
		DCA81D2F1BDB997A00D5B85E /* ViewController.swift in Sources */ = {isa = PBXBuildFile; fileRef = DCA81D2E1BDB997A00D5B85E /* ViewController.swift */; };
		DCA81D321BDB997A00D5B85E /* Main.storyboard in Resources */ = {isa = PBXBuildFile; fileRef = DCA81D301BDB997A00D5B85E /* Main.storyboard */; };
		DCA81D341BDB997A00D5B85E /* Assets.xcassets in Resources */ = {isa = PBXBuildFile; fileRef = DCA81D331BDB997A00D5B85E /* Assets.xcassets */; };
		DCA81D371BDB997A00D5B85E /* LaunchScreen.storyboard in Resources */ = {isa = PBXBuildFile; fileRef = DCA81D351BDB997A00D5B85E /* LaunchScreen.storyboard */; };
/* End PBXBuildFile section */

/* Begin PBXFileReference section */
		DCA81D291BDB997A00D5B85E /* On the Map.app */ = {isa = PBXFileReference; explicitFileType = wrapper.application; includeInIndex = 0; path = "On the Map.app"; sourceTree = BUILT_PRODUCTS_DIR; };
		DCA81D2C1BDB997A00D5B85E /* AppDelegate.swift */ = {isa = PBXFileReference; lastKnownFileType = sourcecode.swift; path = AppDelegate.swift; sourceTree = "<group>"; };
		DCA81D2E1BDB997A00D5B85E /* ViewController.swift */ = {isa = PBXFileReference; lastKnownFileType = sourcecode.swift; path = ViewController.swift; sourceTree = "<group>"; };
		DCA81D311BDB997A00D5B85E /* Base */ = {isa = PBXFileReference; lastKnownFileType = file.storyboard; name = Base; path = Base.lproj/Main.storyboard; sourceTree = "<group>"; };
		DCA81D331BDB997A00D5B85E /* Assets.xcassets */ = {isa = PBXFileReference; lastKnownFileType = folder.assetcatalog; path = Assets.xcassets; sourceTree = "<group>"; };
		DCA81D361BDB997A00D5B85E /* Base */ = {isa = PBXFileReference; lastKnownFileType = file.storyboard; name = Base; path = Base.lproj/LaunchScreen.storyboard; sourceTree = "<group>"; };
		DCA81D381BDB997A00D5B85E /* Info.plist */ = {isa = PBXFileReference; lastKnownFileType = text.plist.xml; path = Info.plist; sourceTree = "<group>"; };
/* End PBXFileReference section */

/* Begin PBXFrameworksBuildPhase section */
		DCA81D261BDB997A00D5B85E /* Frameworks */ = {
			isa = PBXFrameworksBuildPhase;
			buildActionMask = 2147483647;
			files = (
			);
			runOnlyForDeploymentPostprocessing = 0;
		};
/* End PBXFrameworksBuildPhase section */

/* Begin PBXGroup section */
		DCA81D201BDB997A00D5B85E = {
			isa = PBXGroup;
			children = (
				DCA81D2B1BDB997A00D5B85E /* On the Map */,
				DCA81D2A1BDB997A00D5B85E /* Products */,
			);
			sourceTree = "<group>";
		};
		DCA81D2A1BDB997A00D5B85E /* Products */ = {
			isa = PBXGroup;
			children = (
				DCA81D291BDB997A00D5B85E /* On the Map.app */,
			);
			name = Products;
			sourceTree = "<group>";
		};
		DCA81D2B1BDB997A00D5B85E /* On the Map */ = {
			isa = PBXGroup;
			children = (
				DCA81D2C1BDB997A00D5B85E /* AppDelegate.swift */,
				DCA81D2E1BDB997A00D5B85E /* ViewController.swift */,
				DCA81D301BDB997A00D5B85E /* Main.storyboard */,
				DCA81D331BDB997A00D5B85E /* Assets.xcassets */,
				DCA81D351BDB997A00D5B85E /* LaunchScreen.storyboard */,
				DCA81D381BDB997A00D5B85E /* Info.plist */,
			);
			path = "On the Map";
			sourceTree = "<group>";
		};
/* End PBXGroup section */

/* Begin PBXNativeTarget section */
		DCA81D281BDB997A00D5B85E /* On the Map */ = {
			isa = PBXNativeTarget;
			buildConfigurationList = DCA81D3B1BDB997A00D5B85E /* Build configuration list for PBXNativeTarget "On the Map" */;
			buildPhases = (
				DCA81D251BDB997A00D5B85E /* Sources */,
				DCA81D261BDB997A00D5B85E /* Frameworks */,
				DCA81D271BDB997A00D5B85E /* Resources */,
			);
			buildRules = (
			);
			dependencies = (
			);
			name = "On the Map";
			productName = "On the Map";
			productReference = DCA81D291BDB997A00D5B85E /* On the Map.app */;
			productType = "com.apple.product-type.application";
		};
/* End PBXNativeTarget section */

/* Begin PBXProject section */
		DCA81D211BDB997A00D5B85E /* Project object */ = {
			isa = PBXProject;
			attributes = {
				LastUpgradeCheck = 0700;
				ORGANIZATIONNAME = XiLosada;
				TargetAttributes = {
					DCA81D281BDB997A00D5B85E = {
						CreatedOnToolsVersion = 7.0.1;
					};
				};
			};
			buildConfigurationList = DCA81D241BDB997A00D5B85E /* Build configuration list for PBXProject "On the Map" */;
			compatibilityVersion = "Xcode 3.2";
			developmentRegion = English;
			hasScannedForEncodings = 0;
			knownRegions = (
				en,
				Base,
			);
			mainGroup = DCA81D201BDB997A00D5B85E;
			productRefGroup = DCA81D2A1BDB997A00D5B85E /* Products */;
			projectDirPath = "";
			projectRoot = "";
			targets = (
				DCA81D281BDB997A00D5B85E /* On the Map */,
			);
		};
/* End PBXProject section */

/* Begin PBXResourcesBuildPhase section */
		DCA81D271BDB997A00D5B85E /* Resources */ = {
			isa = PBXResourcesBuildPhase;
			buildActionMask = 2147483647;
			files = (
				DCA81D371BDB997A00D5B85E /* LaunchScreen.storyboard in Resources */,
				DCA81D341BDB997A00D5B85E /* Assets.xcassets in Resources */,
				DCA81D321BDB997A00D5B85E /* Main.storyboard in Resources */,
			);
			runOnlyForDeploymentPostprocessing = 0;
		};
/* End PBXResourcesBuildPhase section */

/* Begin PBXSourcesBuildPhase section */
		DCA81D251BDB997A00D5B85E /* Sources */ = {
			isa = PBXSourcesBuildPhase;
			buildActionMask = 2147483647;
			files = (
				DCA81D2F1BDB997A00D5B85E /* ViewController.swift in Sources */,
				DCA81D2D1BDB997A00D5B85E /* AppDelegate.swift in Sources */,
			);
			runOnlyForDeploymentPostprocessing = 0;
		};
/* End PBXSourcesBuildPhase section */

/* Begin PBXVariantGroup section */
		DCA81D301BDB997A00D5B85E /* Main.storyboard */ = {
			isa = PBXVariantGroup;
			children = (
				DCA81D311BDB997A00D5B85E /* Base */,
			);
			name = Main.storyboard;
			sourceTree = "<group>";
		};
		DCA81D351BDB997A00D5B85E /* LaunchScreen.storyboard */ = {
			isa = PBXVariantGroup;
			children = (
				DCA81D361BDB997A00D5B85E /* Base */,
			);
			name = LaunchScreen.storyboard;
			sourceTree = "<group>";
		};
/* End PBXVariantGroup section */

/* Begin XCBuildConfiguration section */
		DCA81D391BDB997A00D5B85E /* Debug */ = {
			isa = XCBuildConfiguration;
			buildSettings = {
				ALWAYS_SEARCH_USER_PATHS = NO;
				CLANG_CXX_LANGUAGE_STANDARD = "gnu++0x";
				CLANG_CXX_LIBRARY = "libc++";
				CLANG_ENABLE_MODULES = YES;
				CLANG_ENABLE_OBJC_ARC = YES;
				CLANG_WARN_BOOL_CONVERSION = YES;
				CLANG_WARN_CONSTANT_CONVERSION = YES;
				CLANG_WARN_DIRECT_OBJC_ISA_USAGE = YES_ERROR;
				CLANG_WARN_EMPTY_BODY = YES;
				CLANG_WARN_ENUM_CONVERSION = YES;
				CLANG_WARN_INT_CONVERSION = YES;
				CLANG_WARN_OBJC_ROOT_CLASS = YES_ERROR;
				CLANG_WARN_UNREACHABLE_CODE = YES;
				CLANG_WARN__DUPLICATE_METHOD_MATCH = YES;
				"CODE_SIGN_IDENTITY[sdk=iphoneos*]" = "iPhone Developer";
				COPY_PHASE_STRIP = NO;
				DEBUG_INFORMATION_FORMAT = dwarf;
				ENABLE_STRICT_OBJC_MSGSEND = YES;
				ENABLE_TESTABILITY = YES;
				GCC_C_LANGUAGE_STANDARD = gnu99;
				GCC_DYNAMIC_NO_PIC = NO;
				GCC_NO_COMMON_BLOCKS = YES;
				GCC_OPTIMIZATION_LEVEL = 0;
				GCC_PREPROCESSOR_DEFINITIONS = (
					"DEBUG=1",
					"$(inherited)",
				);
				GCC_WARN_64_TO_32_BIT_CONVERSION = YES;
				GCC_WARN_ABOUT_RETURN_TYPE = YES_ERROR;
				GCC_WARN_UNDECLARED_SELECTOR = YES;
				GCC_WARN_UNINITIALIZED_AUTOS = YES_AGGRESSIVE;
				GCC_WARN_UNUSED_FUNCTION = YES;
				GCC_WARN_UNUSED_VARIABLE = YES;
				IPHONEOS_DEPLOYMENT_TARGET = 9.0;
				MTL_ENABLE_DEBUG_INFO = YES;
				ONLY_ACTIVE_ARCH = YES;
				SDKROOT = iphoneos;
				SWIFT_OPTIMIZATION_LEVEL = "-Onone";
			};
			name = Debug;
		};
		DCA81D3A1BDB997A00D5B85E /* Release */ = {
			isa = XCBuildConfiguration;
			buildSettings = {
				ALWAYS_SEARCH_USER_PATHS = NO;
				CLANG_CXX_LANGUAGE_STANDARD = "gnu++0x";
				CLANG_CXX_LIBRARY = "libc++";
				CLANG_ENABLE_MODULES = YES;
				CLANG_ENABLE_OBJC_ARC = YES;
				CLANG_WARN_BOOL_CONVERSION = YES;
				CLANG_WARN_CONSTANT_CONVERSION = YES;
				CLANG_WARN_DIRECT_OBJC_ISA_USAGE = YES_ERROR;
				CLANG_WARN_EMPTY_BODY = YES;
				CLANG_WARN_ENUM_CONVERSION = YES;
				CLANG_WARN_INT_CONVERSION = YES;
				CLANG_WARN_OBJC_ROOT_CLASS = YES_ERROR;
				CLANG_WARN_UNREACHABLE_CODE = YES;
				CLANG_WARN__DUPLICATE_METHOD_MATCH = YES;
				"CODE_SIGN_IDENTITY[sdk=iphoneos*]" = "iPhone Developer";
				COPY_PHASE_STRIP = NO;
				DEBUG_INFORMATION_FORMAT = "dwarf-with-dsym";
				ENABLE_NS_ASSERTIONS = NO;
				ENABLE_STRICT_OBJC_MSGSEND = YES;
				GCC_C_LANGUAGE_STANDARD = gnu99;
				GCC_NO_COMMON_BLOCKS = YES;
				GCC_WARN_64_TO_32_BIT_CONVERSION = YES;
				GCC_WARN_ABOUT_RETURN_TYPE = YES_ERROR;
				GCC_WARN_UNDECLARED_SELECTOR = YES;
				GCC_WARN_UNINITIALIZED_AUTOS = YES_AGGRESSIVE;
				GCC_WARN_UNUSED_FUNCTION = YES;
				GCC_WARN_UNUSED_VARIABLE = YES;
				IPHONEOS_DEPLOYMENT_TARGET = 9.0;
				MTL_ENABLE_DEBUG_INFO = NO;
				SDKROOT = iphoneos;
				VALIDATE_PRODUCT = YES;
			};
			name = Release;
		};
		DCA81D3C1BDB997A00D5B85E /* Debug */ = {
			isa = XCBuildConfiguration;
			buildSettings = {
				ASSETCATALOG_COMPILER_APPICON_NAME = AppIcon;
				INFOPLIST_FILE = "On the Map/Info.plist";
				LD_RUNPATH_SEARCH_PATHS = "$(inherited) @executable_path/Frameworks";
				PRODUCT_BUNDLE_IDENTIFIER = "com.xilosada.On-the-Map";
				PRODUCT_NAME = "$(TARGET_NAME)";
			};
			name = Debug;
		};
		DCA81D3D1BDB997A00D5B85E /* Release */ = {
			isa = XCBuildConfiguration;
			buildSettings = {
				ASSETCATALOG_COMPILER_APPICON_NAME = AppIcon;
				INFOPLIST_FILE = "On the Map/Info.plist";
				LD_RUNPATH_SEARCH_PATHS = "$(inherited) @executable_path/Frameworks";
				PRODUCT_BUNDLE_IDENTIFIER = "com.xilosada.On-the-Map";
				PRODUCT_NAME = "$(TARGET_NAME)";
			};
			name = Release;
		};
/* End XCBuildConfiguration section */

/* Begin XCConfigurationList section */
		DCA81D241BDB997A00D5B85E /* Build configuration list for PBXProject "On the Map" */ = {
			isa = XCConfigurationList;
			buildConfigurations = (
				DCA81D391BDB997A00D5B85E /* Debug */,
				DCA81D3A1BDB997A00D5B85E /* Release */,
			);
			defaultConfigurationIsVisible = 0;
			defaultConfigurationName = Release;
		};
		DCA81D3B1BDB997A00D5B85E /* Build configuration list for PBXNativeTarget "On the Map" */ = {
			isa = XCConfigurationList;
			buildConfigurations = (
				DCA81D3C1BDB997A00D5B85E /* Debug */,
				DCA81D3D1BDB997A00D5B85E /* Release */,
			);
			defaultConfigurationIsVisible = 0;
		};
/* End XCConfigurationList section */
	};
	rootObject = DCA81D211BDB997A00D5B85E /* Project object */;
}
